
Microsoft Visual Studio Solution File, Format Version 12.00
# Visual Studio Version 16
VisualStudioVersion = 16.0.30309.148
MinimumVisualStudioVersion = 10.0.40219.1
Project("{F184B08F-C81C-45F6-A57F-5ABD9991F28F}") = "WindowsApp1", "WindowsApp1.vbproj", "{71366E29-DEFD-4102-8D55-BAA3AB4FAEEF}"
EndProject
Global
	GlobalSection(SolutionConfigurationPlatforms) = preSolution
		Debug|Any CPU = Debug|Any CPU
		Release|Any CPU = Release|Any CPU
	EndGlobalSection
	GlobalSection(ProjectConfigurationPlatforms) = postSolution
		{71366E29-DEFD-4102-8D55-BAA3AB4FAEEF}.Debug|Any CPU.ActiveCfg = Debug|Any CPU
		{71366E29-DEFD-4102-8D55-BAA3AB4FAEEF}.Debug|Any CPU.Build.0 = Debug|Any CPU
		{71366E29-DEFD-4102-8D55-BAA3AB4FAEEF}.Release|Any CPU.ActiveCfg = Release|Any CPU
		{71366E29-DEFD-4102-8D55-BAA3AB4FAEEF}.Release|Any CPU.Build.0 = Release|Any CPU
	EndGlobalSection
	GlobalSection(SolutionProperties) = preSolution
		HideSolutionNode = FALSE
	EndGlobalSection
	GlobalSection(ExtensibilityGlobals) = postSolution
		SolutionGuid = {49D732C6-8621-4B2B-8A4D-31D1E5F845EC}
	EndGlobalSection
EndGlobal
